
Microsoft Visual Studio Solution File, Format Version 12.00
# Visual Studio Version 16
VisualStudioVersion = 16.0.31702.278
MinimumVisualStudioVersion = 10.0.40219.1
Project("{FAE04EC0-301F-11D3-BF4B-00C04F79EFBC}") = "Passwort Generator", "Passwort Generator\Passwort Generator.csproj", "{918EC059-A80B-45BD-B075-B15678C9E862}"
EndProject
Global
	GlobalSection(SolutionConfigurationPlatforms) = preSolution
		Debug|Any CPU = Debug|Any CPU
		Release|Any CPU = Release|Any CPU
	EndGlobalSection
	GlobalSection(ProjectConfigurationPlatforms) = postSolution
		{918EC059-A80B-45BD-B075-B15678C9E862}.Debug|Any CPU.ActiveCfg = Debug|Any CPU
		{918EC059-A80B-45BD-B075-B15678C9E862}.Debug|Any CPU.Build.0 = Debug|Any CPU
		{918EC059-A80B-45BD-B075-B15678C9E862}.Release|Any CPU.ActiveCfg = Release|Any CPU
		{918EC059-A80B-45BD-B075-B15678C9E862}.Release|Any CPU.Build.0 = Release|Any CPU
	EndGlobalSection
	GlobalSection(SolutionProperties) = preSolution
		HideSolutionNode = FALSE
	EndGlobalSection
	GlobalSection(ExtensibilityGlobals) = postSolution
		SolutionGuid = {C6DD2E63-F117-44F6-89B6-7982D380E968}
	EndGlobalSection
EndGlobal
